
Microsoft Visual Studio Solution File, Format Version 12.00
# Visual Studio Version 17
VisualStudioVersion = 17.7.34018.315
MinimumVisualStudioVersion = 10.0.40219.1
Project("{F184B08F-C81C-45F6-A57F-5ABD9991F28F}") = "WiFiAutoIPChanger", "WiFiAutoIPChanger.vbproj", "{4BABFB60-6862-4C36-9219-EDBB766192E6}"
EndProject
Global
	GlobalSection(SolutionConfigurationPlatforms) = preSolution
		Debug|Any CPU = Debug|Any CPU
		Release|Any CPU = Release|Any CPU
	EndGlobalSection
	GlobalSection(ProjectConfigurationPlatforms) = postSolution
		{4BABFB60-6862-4C36-9219-EDBB766192E6}.Debug|Any CPU.ActiveCfg = Debug|Any CPU
		{4BABFB60-6862-4C36-9219-EDBB766192E6}.Debug|Any CPU.Build.0 = Debug|Any CPU
		{4BABFB60-6862-4C36-9219-EDBB766192E6}.Release|Any CPU.ActiveCfg = Release|Any CPU
		{4BABFB60-6862-4C36-9219-EDBB766192E6}.Release|Any CPU.Build.0 = Release|Any CPU
	EndGlobalSection
	GlobalSection(SolutionProperties) = preSolution
		HideSolutionNode = FALSE
	EndGlobalSection
	GlobalSection(ExtensibilityGlobals) = postSolution
		SolutionGuid = {F4B95F1E-9BB1-48A1-94BB-AC5631810FF3}
	EndGlobalSection
EndGlobal
